
Microsoft Visual Studio Solution File, Format Version 12.00
# Visual Studio Version 17
VisualStudioVersion = 17.9.34607.119
MinimumVisualStudioVersion = 10.0.40219.1
Project("{FAE04EC0-301F-11D3-BF4B-00C04F79EFBC}") = "JobBoard.API", "JobBoard.API\JobBoard.API.csproj", "{7BF85E49-C70A-4E08-A10D-37617DFBC7B1}"
EndProject
Project("{FAE04EC0-301F-11D3-BF4B-00C04F79EFBC}") = "JobBoard.Domain", "JobBoard.Domain\JobBoard.Domain.csproj", "{9E70041B-8846-4AF3-97B3-E09F458895C2}"
EndProject
Project("{FAE04EC0-301F-11D3-BF4B-00C04F79EFBC}") = "JobBoard.Application", "JobBoard.Application\JobBoard.Application.csproj", "{002D810D-CA40-43E4-B843-49C2B306D4E1}"
EndProject
Project("{FAE04EC0-301F-11D3-BF4B-00C04F79EFBC}") = "JobBoard.Infrastructure", "JobBoard.Infrastructure\JobBoard.Infrastructure.csproj", "{1E657204-4CA7-4A72-9094-5359652D4F03}"
EndProject
Project("{FAE04EC0-301F-11D3-BF4B-00C04F79EFBC}") = "JobBoard.UnitTests", "JobBoard.UnitTests\JobBoard.UnitTests.csproj", "{A757E385-B1D0-463E-9139-615535B33E91}"
EndProject
Global
	GlobalSection(SolutionConfigurationPlatforms) = preSolution
		Debug|Any CPU = Debug|Any CPU
		Release|Any CPU = Release|Any CPU
	EndGlobalSection
	GlobalSection(ProjectConfigurationPlatforms) = postSolution
		{7BF85E49-C70A-4E08-A10D-37617DFBC7B1}.Debug|Any CPU.ActiveCfg = Debug|Any CPU
		{7BF85E49-C70A-4E08-A10D-37617DFBC7B1}.Debug|Any CPU.Build.0 = Debug|Any CPU
		{7BF85E49-C70A-4E08-A10D-37617DFBC7B1}.Release|Any CPU.ActiveCfg = Release|Any CPU
		{7BF85E49-C70A-4E08-A10D-37617DFBC7B1}.Release|Any CPU.Build.0 = Release|Any CPU
		{9E70041B-8846-4AF3-97B3-E09F458895C2}.Debug|Any CPU.ActiveCfg = Debug|Any CPU
		{9E70041B-8846-4AF3-97B3-E09F458895C2}.Debug|Any CPU.Build.0 = Debug|Any CPU
		{9E70041B-8846-4AF3-97B3-E09F458895C2}.Release|Any CPU.ActiveCfg = Release|Any CPU
		{9E70041B-8846-4AF3-97B3-E09F458895C2}.Release|Any CPU.Build.0 = Release|Any CPU
		{002D810D-CA40-43E4-B843-49C2B306D4E1}.Debug|Any CPU.ActiveCfg = Debug|Any CPU
		{002D810D-CA40-43E4-B843-49C2B306D4E1}.Debug|Any CPU.Build.0 = Debug|Any CPU
		{002D810D-CA40-43E4-B843-49C2B306D4E1}.Release|Any CPU.ActiveCfg = Release|Any CPU
		{002D810D-CA40-43E4-B843-49C2B306D4E1}.Release|Any CPU.Build.0 = Release|Any CPU
		{1E657204-4CA7-4A72-9094-5359652D4F03}.Debug|Any CPU.ActiveCfg = Debug|Any CPU
		{1E657204-4CA7-4A72-9094-5359652D4F03}.Debug|Any CPU.Build.0 = Debug|Any CPU
		{1E657204-4CA7-4A72-9094-5359652D4F03}.Release|Any CPU.ActiveCfg = Release|Any CPU
		{1E657204-4CA7-4A72-9094-5359652D4F03}.Release|Any CPU.Build.0 = Release|Any CPU
		{A757E385-B1D0-463E-9139-615535B33E91}.Debug|Any CPU.ActiveCfg = Debug|Any CPU
		{A757E385-B1D0-463E-9139-615535B33E91}.Debug|Any CPU.Build.0 = Debug|Any CPU
		{A757E385-B1D0-463E-9139-615535B33E91}.Release|Any CPU.ActiveCfg = Release|Any CPU
		{A757E385-B1D0-463E-9139-615535B33E91}.Release|Any CPU.Build.0 = Release|Any CPU
	EndGlobalSection
	GlobalSection(SolutionProperties) = preSolution
		HideSolutionNode = FALSE
	EndGlobalSection
	GlobalSection(ExtensibilityGlobals) = postSolution
		SolutionGuid = {CE59328D-DC51-4DB6-9647-38C4998DAE0F}
	EndGlobalSection
EndGlobal
